{
  "name": "parinfer-codemirror",
  "version": "1.4.2",
  "lockfileVersion": 1,
  "requires": true,
  "dependencies": {
    "codemirror": {
      "version": "5.28.0",
      "resolved": "https://registry.npmjs.org/codemirror/-/codemirror-5.28.0.tgz",
      "integrity": "sha512-E/Z6050shti9v9ivl0dUClVRM4xaH204jsJmEpNYC6KDTlQwAz+5DdhLzn0tjaL/Mp1P0J1uhZokcSP2RFSwlA==",
      "dev": true
    },
    "eve-raphael": {
      "version": "0.5.0",
      "resolved": "https://registry.npmjs.org/eve-raphael/-/eve-raphael-0.5.0.tgz",
      "integrity": "sha1-F8dUt5K+7z+maE15z1pHxjxM2jA=",
      "dev": true
    },
    "parinfer": {
      "version": "3.12.0",
      "resolved": "https://registry.npmjs.org/parinfer/-/parinfer-3.12.0.tgz",
      "integrity": "sha512-iViQ8vtJ6CEa9x0SxcQCtsOYSCVVu7ILnuUJfKHPEGjxM0Z6R1EdAJX3kWyqZDrszvQyYWl/XpD9pN2IFgSF/g=="
    },
    "raphael": {
      "version": "2.2.7",
      "resolved": "https://registry.npmjs.org/raphael/-/raphael-2.2.7.tgz",
      "integrity": "sha1-IxsZFB+NCGmG2PrOtm+LVi7iyBA=",
      "dev": true,
      "requires": {
        "eve-raphael": "0.5.0"
      }
    }
  }
}
